
Microsoft Visual Studio Solution File, Format Version 12.00
# Visual Studio Version 17
VisualStudioVersion = 17.3.32819.101
MinimumVisualStudioVersion = 10.0.40219.1
Project("{F2A71F9B-5D33-465A-A702-920D77279786}") = "Advent of Code 2022", "Advent of Code 2022.fsproj", "{45B582C3-E33F-4E75-9884-CBDEA9988E83}"
EndProject
Global
	GlobalSection(SolutionConfigurationPlatforms) = preSolution
		Debug|Any CPU = Debug|Any CPU
		Release|Any CPU = Release|Any CPU
	EndGlobalSection
	GlobalSection(ProjectConfigurationPlatforms) = postSolution
		{45B582C3-E33F-4E75-9884-CBDEA9988E83}.Debug|Any CPU.ActiveCfg = Debug|Any CPU
		{45B582C3-E33F-4E75-9884-CBDEA9988E83}.Debug|Any CPU.Build.0 = Debug|Any CPU
		{45B582C3-E33F-4E75-9884-CBDEA9988E83}.Release|Any CPU.ActiveCfg = Release|Any CPU
		{45B582C3-E33F-4E75-9884-CBDEA9988E83}.Release|Any CPU.Build.0 = Release|Any CPU
	EndGlobalSection
	GlobalSection(SolutionProperties) = preSolution
		HideSolutionNode = FALSE
	EndGlobalSection
	GlobalSection(ExtensibilityGlobals) = postSolution
		SolutionGuid = {337FDD21-FBA0-4E1C-8717-89513AC5512D}
	EndGlobalSection
EndGlobal
